// !$*UTF8*$!
{
	archiveVersion = 1;
	classes = {
	};
	objectVersion = 51;
	objects = {

/* Begin PBXBuildFile section */
		0D0BF7E425BCC19800688A94 /* K.swift in Sources */ = {isa = PBXBuildFile; fileRef = 0D0BF7E325BCC19800688A94 /* K.swift */; };
		421E7205B3D75BB8C8D84329 /* Pods_LoginForm_LoginFormUITests.framework in Frameworks */ = {isa = PBXBuildFile; fileRef = 888BEC4DD3DFA9D7DCEF5367 /* Pods_LoginForm_LoginFormUITests.framework */; };
		65BBAB80A269DD937CB237CD /* Pods_LoginFormTests.framework in Frameworks */ = {isa = PBXBuildFile; fileRef = CF16C9B05D8D2C4DD5083BE7 /* Pods_LoginFormTests.framework */; };
		8F1300A525665BB200AE5DBD /* CustomTableViewCell.swift in Sources */ = {isa = PBXBuildFile; fileRef = 8F1300A325665BB200AE5DBD /* CustomTableViewCell.swift */; };
		8F1300A625665BB200AE5DBD /* CustomTableViewCell.xib in Resources */ = {isa = PBXBuildFile; fileRef = 8F1300A425665BB200AE5DBD /* CustomTableViewCell.xib */; };
		8F1300BC256679D200AE5DBD /* tableStepController.swift in Sources */ = {isa = PBXBuildFile; fileRef = 8F1300BB256679D200AE5DBD /* tableStepController.swift */; };
		8F1300C225668E5F00AE5DBD /* contentStepModel.swift in Sources */ = {isa = PBXBuildFile; fileRef = 8F1300C125668E5F00AE5DBD /* contentStepModel.swift */; };
		8F1300C725668EA200AE5DBD /* contentStepManager.swift in Sources */ = {isa = PBXBuildFile; fileRef = 8F1300C625668EA200AE5DBD /* contentStepManager.swift */; };
		8F16C6F6254AEE8B000B0424 /* loginModel.swift in Sources */ = {isa = PBXBuildFile; fileRef = 8F16C6F5254AEE8B000B0424 /* loginModel.swift */; };
		8F30740E254952F500EB36BE /* loginManager.swift in Sources */ = {isa = PBXBuildFile; fileRef = 8F30740D254952F500EB36BE /* loginManager.swift */; };
		8F7A415325405529009440C8 /* AppDelegate.swift in Sources */ = {isa = PBXBuildFile; fileRef = 8F7A415225405529009440C8 /* AppDelegate.swift */; };
		8F7A415525405529009440C8 /* SceneDelegate.swift in Sources */ = {isa = PBXBuildFile; fileRef = 8F7A415425405529009440C8 /* SceneDelegate.swift */; };
		8F7A415725405529009440C8 /* ViewController.swift in Sources */ = {isa = PBXBuildFile; fileRef = 8F7A415625405529009440C8 /* ViewController.swift */; };
		8F7A415A25405529009440C8 /* Main.storyboard in Resources */ = {isa = PBXBuildFile; fileRef = 8F7A415825405529009440C8 /* Main.storyboard */; };
		8F7A415D25405529009440C8 /* LoginForm.xcdatamodeld in Sources */ = {isa = PBXBuildFile; fileRef = 8F7A415B25405529009440C8 /* LoginForm.xcdatamodeld */; };
		8F7A415F2540552B009440C8 /* Assets.xcassets in Resources */ = {isa = PBXBuildFile; fileRef = 8F7A415E2540552B009440C8 /* Assets.xcassets */; };
		8F7A41622540552B009440C8 /* LaunchScreen.storyboard in Resources */ = {isa = PBXBuildFile; fileRef = 8F7A41602540552B009440C8 /* LaunchScreen.storyboard */; };
		8F7A416D2540552B009440C8 /* LoginFormTests.swift in Sources */ = {isa = PBXBuildFile; fileRef = 8F7A416C2540552B009440C8 /* LoginFormTests.swift */; };
		8F7A41782540552B009440C8 /* LoginFormUITests.swift in Sources */ = {isa = PBXBuildFile; fileRef = 8F7A41772540552B009440C8 /* LoginFormUITests.swift */; };
		8F8546F5256BC5BD00A32F50 /* Task.swift in Sources */ = {isa = PBXBuildFile; fileRef = 8F8546F4256BC5BD00A32F50 /* Task.swift */; };
		8F9083B3255136C700FB2ACC /* tableController.swift in Sources */ = {isa = PBXBuildFile; fileRef = 8F9083B2255136C700FB2ACC /* tableController.swift */; };
		8FA2B0FD25406EF5005401B2 /* registerController.swift in Sources */ = {isa = PBXBuildFile; fileRef = 8FA2B0FC25406EF5005401B2 /* registerController.swift */; };
		8FA2B10225406F06005401B2 /* loginController.swift in Sources */ = {isa = PBXBuildFile; fileRef = 8FA2B10125406F06005401B2 /* loginController.swift */; };
		8FAACE04254C355B00DFB7E9 /* contentModel.swift in Sources */ = {isa = PBXBuildFile; fileRef = 8FAACE03254C355B00DFB7E9 /* contentModel.swift */; };
		8FAACE0C254C36F400DFB7E9 /* contentManager.swift in Sources */ = {isa = PBXBuildFile; fileRef = 8FAACE0B254C36F400DFB7E9 /* contentManager.swift */; };
		8FB2CD9E25B71067009AB020 /* stepManager.swift in Sources */ = {isa = PBXBuildFile; fileRef = 8FB2CD9D25B71067009AB020 /* stepManager.swift */; };
		8FB2CDA625B710FB009AB020 /* stepModel.swift in Sources */ = {isa = PBXBuildFile; fileRef = 8FB2CDA525B710FB009AB020 /* stepModel.swift */; };
		8FD1C35B2548464A00242C42 /* registerModel.swift in Sources */ = {isa = PBXBuildFile; fileRef = 8FD1C35A2548464A00242C42 /* registerModel.swift */; };
		8FD1C3602548479200242C42 /* registerManager.swift in Sources */ = {isa = PBXBuildFile; fileRef = 8FD1C35F2548479200242C42 /* registerManager.swift */; };
		8FD598DC25922018005B7AF9 /* Model.xcdatamodeld in Sources */ = {isa = PBXBuildFile; fileRef = 8FD598DA25922018005B7AF9 /* Model.xcdatamodeld */; };
		981B6C844ACE78574638F891 /* Pods_LoginForm.framework in Frameworks */ = {isa = PBXBuildFile; fileRef = 0B01BFA1EA3420AC1CF927FA /* Pods_LoginForm.framework */; };
/* End PBXBuildFile section */

/* Begin PBXContainerItemProxy section */
		8F7A41692540552B009440C8 /* PBXContainerItemProxy */ = {
			isa = PBXContainerItemProxy;
			containerPortal = 8F7A414725405529009440C8 /* Project object */;
			proxyType = 1;
			remoteGlobalIDString = 8F7A414E25405529009440C8;
			remoteInfo = LoginForm;
		};
		8F7A41742540552B009440C8 /* PBXContainerItemProxy */ = {
			isa = PBXContainerItemProxy;
			containerPortal = 8F7A414725405529009440C8 /* Project object */;
			proxyType = 1;
			remoteGlobalIDString = 8F7A414E25405529009440C8;
			remoteInfo = LoginForm;
		};
/* End PBXContainerItemProxy section */

/* Begin PBXFileReference section */
		0B01BFA1EA3420AC1CF927FA /* Pods_LoginForm.framework */ = {isa = PBXFileReference; explicitFileType = wrapper.framework; includeInIndex = 0; path = Pods_LoginForm.framework; sourceTree = BUILT_PRODUCTS_DIR; };
		0D0BF7E325BCC19800688A94 /* K.swift */ = {isa = PBXFileReference; lastKnownFileType = sourcecode.swift; path = K.swift; sourceTree = "<group>"; };
		35E647BDC8CFA365E361AB68 /* Pods-LoginForm-LoginFormUITests.release.xcconfig */ = {isa = PBXFileReference; includeInIndex = 1; lastKnownFileType = text.xcconfig; name = "Pods-LoginForm-LoginFormUITests.release.xcconfig"; path = "Target Support Files/Pods-LoginForm-LoginFormUITests/Pods-LoginForm-LoginFormUITests.release.xcconfig"; sourceTree = "<group>"; };
		38C6B9050294E62431A9EBA6 /* Pods-LoginForm.release.xcconfig */ = {isa = PBXFileReference; includeInIndex = 1; lastKnownFileType = text.xcconfig; name = "Pods-LoginForm.release.xcconfig"; path = "Target Support Files/Pods-LoginForm/Pods-LoginForm.release.xcconfig"; sourceTree = "<group>"; };
		888BEC4DD3DFA9D7DCEF5367 /* Pods_LoginForm_LoginFormUITests.framework */ = {isa = PBXFileReference; explicitFileType = wrapper.framework; includeInIndex = 0; path = Pods_LoginForm_LoginFormUITests.framework; sourceTree = BUILT_PRODUCTS_DIR; };
		8F1300A325665BB200AE5DBD /* CustomTableViewCell.swift */ = {isa = PBXFileReference; lastKnownFileType = sourcecode.swift; path = CustomTableViewCell.swift; sourceTree = "<group>"; };
		8F1300A425665BB200AE5DBD /* CustomTableViewCell.xib */ = {isa = PBXFileReference; lastKnownFileType = file.xib; path = CustomTableViewCell.xib; sourceTree = "<group>"; };
		8F1300BB256679D200AE5DBD /* tableStepController.swift */ = {isa = PBXFileReference; lastKnownFileType = sourcecode.swift; path = tableStepController.swift; sourceTree = "<group>"; };
		8F1300C125668E5F00AE5DBD /* contentStepModel.swift */ = {isa = PBXFileReference; lastKnownFileType = sourcecode.swift; path = contentStepModel.swift; sourceTree = "<group>"; };
		8F1300C625668EA200AE5DBD /* contentStepManager.swift */ = {isa = PBXFileReference; lastKnownFileType = sourcecode.swift; path = contentStepManager.swift; sourceTree = "<group>"; };
		8F16C6F5254AEE8B000B0424 /* loginModel.swift */ = {isa = PBXFileReference; lastKnownFileType = sourcecode.swift; path = loginModel.swift; sourceTree = "<group>"; };
		8F30740D254952F500EB36BE /* loginManager.swift */ = {isa = PBXFileReference; lastKnownFileType = sourcecode.swift; path = loginManager.swift; sourceTree = "<group>"; };
		8F7A414F25405529009440C8 /* LoginForm.app */ = {isa = PBXFileReference; explicitFileType = wrapper.application; includeInIndex = 0; path = LoginForm.app; sourceTree = BUILT_PRODUCTS_DIR; };
		8F7A415225405529009440C8 /* AppDelegate.swift */ = {isa = PBXFileReference; lastKnownFileType = sourcecode.swift; path = AppDelegate.swift; sourceTree = "<group>"; };
		8F7A415425405529009440C8 /* SceneDelegate.swift */ = {isa = PBXFileReference; lastKnownFileType = sourcecode.swift; path = SceneDelegate.swift; sourceTree = "<group>"; };
		8F7A415625405529009440C8 /* ViewController.swift */ = {isa = PBXFileReference; lastKnownFileType = sourcecode.swift; path = ViewController.swift; sourceTree = "<group>"; };
		8F7A415925405529009440C8 /* Base */ = {isa = PBXFileReference; lastKnownFileType = file.storyboard; name = Base; path = Base.lproj/Main.storyboard; sourceTree = "<group>"; };
		8F7A415C25405529009440C8 /* LoginForm.xcdatamodel */ = {isa = PBXFileReference; lastKnownFileType = wrapper.xcdatamodel; path = LoginForm.xcdatamodel; sourceTree = "<group>"; };
		8F7A415E2540552B009440C8 /* Assets.xcassets */ = {isa = PBXFileReference; lastKnownFileType = folder.assetcatalog; path = Assets.xcassets; sourceTree = "<group>"; };
		8F7A41612540552B009440C8 /* Base */ = {isa = PBXFileReference; lastKnownFileType = file.storyboard; name = Base; path = Base.lproj/LaunchScreen.storyboard; sourceTree = "<group>"; };
		8F7A41632540552B009440C8 /* Info.plist */ = {isa = PBXFileReference; lastKnownFileType = text.plist.xml; path = Info.plist; sourceTree = "<group>"; };
		8F7A41682540552B009440C8 /* LoginFormTests.xctest */ = {isa = PBXFileReference; explicitFileType = wrapper.cfbundle; includeInIndex = 0; path = LoginFormTests.xctest; sourceTree = BUILT_PRODUCTS_DIR; };
		8F7A416C2540552B009440C8 /* LoginFormTests.swift */ = {isa = PBXFileReference; lastKnownFileType = sourcecode.swift; path = LoginFormTests.swift; sourceTree = "<group>"; };
		8F7A416E2540552B009440C8 /* Info.plist */ = {isa = PBXFileReference; lastKnownFileType = text.plist.xml; path = Info.plist; sourceTree = "<group>"; };
		8F7A41732540552B009440C8 /* LoginFormUITests.xctest */ = {isa = PBXFileReference; explicitFileType = wrapper.cfbundle; includeInIndex = 0; path = LoginFormUITests.xctest; sourceTree = BUILT_PRODUCTS_DIR; };
		8F7A41772540552B009440C8 /* LoginFormUITests.swift */ = {isa = PBXFileReference; lastKnownFileType = sourcecode.swift; path = LoginFormUITests.swift; sourceTree = "<group>"; };
		8F7A41792540552B009440C8 /* Info.plist */ = {isa = PBXFileReference; lastKnownFileType = text.plist.xml; path = Info.plist; sourceTree = "<group>"; };
		8F8546F4256BC5BD00A32F50 /* Task.swift */ = {isa = PBXFileReference; lastKnownFileType = sourcecode.swift; path = Task.swift; sourceTree = "<group>"; };
		8F9083B2255136C700FB2ACC /* tableController.swift */ = {isa = PBXFileReference; lastKnownFileType = sourcecode.swift; path = tableController.swift; sourceTree = "<group>"; };
		8FA2B0FC25406EF5005401B2 /* registerController.swift */ = {isa = PBXFileReference; lastKnownFileType = sourcecode.swift; path = registerController.swift; sourceTree = "<group>"; };
		8FA2B10125406F06005401B2 /* loginController.swift */ = {isa = PBXFileReference; lastKnownFileType = sourcecode.swift; path = loginController.swift; sourceTree = "<group>"; };
		8FAACE03254C355B00DFB7E9 /* contentModel.swift */ = {isa = PBXFileReference; lastKnownFileType = sourcecode.swift; path = contentModel.swift; sourceTree = "<group>"; };
		8FAACE0B254C36F400DFB7E9 /* contentManager.swift */ = {isa = PBXFileReference; lastKnownFileType = sourcecode.swift; path = contentManager.swift; sourceTree = "<group>"; };
		8FB2CD9D25B71067009AB020 /* stepManager.swift */ = {isa = PBXFileReference; lastKnownFileType = sourcecode.swift; path = stepManager.swift; sourceTree = "<group>"; };
		8FB2CDA525B710FB009AB020 /* stepModel.swift */ = {isa = PBXFileReference; lastKnownFileType = sourcecode.swift; path = stepModel.swift; sourceTree = "<group>"; };
		8FD1C35A2548464A00242C42 /* registerModel.swift */ = {isa = PBXFileReference; lastKnownFileType = sourcecode.swift; path = registerModel.swift; sourceTree = "<group>"; };
		8FD1C35F2548479200242C42 /* registerManager.swift */ = {isa = PBXFileReference; lastKnownFileType = sourcecode.swift; path = registerManager.swift; sourceTree = "<group>"; };
		8FD598DB25922018005B7AF9 /* Model.xcdatamodel */ = {isa = PBXFileReference; lastKnownFileType = wrapper.xcdatamodel; path = Model.xcdatamodel; sourceTree = "<group>"; };
		A021EEC4046A81ECB102D0A2 /* Pods-LoginFormTests.release.xcconfig */ = {isa = PBXFileReference; includeInIndex = 1; lastKnownFileType = text.xcconfig; name = "Pods-LoginFormTests.release.xcconfig"; path = "Target Support Files/Pods-LoginFormTests/Pods-LoginFormTests.release.xcconfig"; sourceTree = "<group>"; };
		ACA6AFFE1E02D8DF00B69005 /* Pods-LoginForm-LoginFormUITests.debug.xcconfig */ = {isa = PBXFileReference; includeInIndex = 1; lastKnownFileType = text.xcconfig; name = "Pods-LoginForm-LoginFormUITests.debug.xcconfig"; path = "Target Support Files/Pods-LoginForm-LoginFormUITests/Pods-LoginForm-LoginFormUITests.debug.xcconfig"; sourceTree = "<group>"; };
		C017BBDCDA590C7062164170 /* Pods-LoginFormTests.debug.xcconfig */ = {isa = PBXFileReference; includeInIndex = 1; lastKnownFileType = text.xcconfig; name = "Pods-LoginFormTests.debug.xcconfig"; path = "Target Support Files/Pods-LoginFormTests/Pods-LoginFormTests.debug.xcconfig"; sourceTree = "<group>"; };
		CF16C9B05D8D2C4DD5083BE7 /* Pods_LoginFormTests.framework */ = {isa = PBXFileReference; explicitFileType = wrapper.framework; includeInIndex = 0; path = Pods_LoginFormTests.framework; sourceTree = BUILT_PRODUCTS_DIR; };
		FE93CFE4F39D774D9C85431E /* Pods-LoginForm.debug.xcconfig */ = {isa = PBXFileReference; includeInIndex = 1; lastKnownFileType = text.xcconfig; name = "Pods-LoginForm.debug.xcconfig"; path = "Target Support Files/Pods-LoginForm/Pods-LoginForm.debug.xcconfig"; sourceTree = "<group>"; };
/* End PBXFileReference section */

/* Begin PBXFrameworksBuildPhase section */
		8F7A414C25405529009440C8 /* Frameworks */ = {
			isa = PBXFrameworksBuildPhase;
			buildActionMask = 2147483647;
			files = (
				981B6C844ACE78574638F891 /* Pods_LoginForm.framework in Frameworks */,
			);
			runOnlyForDeploymentPostprocessing = 0;
		};
		8F7A41652540552B009440C8 /* Frameworks */ = {
			isa = PBXFrameworksBuildPhase;
			buildActionMask = 2147483647;
			files = (
				65BBAB80A269DD937CB237CD /* Pods_LoginFormTests.framework in Frameworks */,
			);
			runOnlyForDeploymentPostprocessing = 0;
		};
		8F7A41702540552B009440C8 /* Frameworks */ = {
			isa = PBXFrameworksBuildPhase;
			buildActionMask = 2147483647;
			files = (
				421E7205B3D75BB8C8D84329 /* Pods_LoginForm_LoginFormUITests.framework in Frameworks */,
			);
			runOnlyForDeploymentPostprocessing = 0;
		};
/* End PBXFrameworksBuildPhase section */

/* Begin PBXGroup section */
		0D0BF7E825BCC19F00688A94 /* K */ = {
			isa = PBXGroup;
			children = (
				0D0BF7E325BCC19800688A94 /* K.swift */,
			);
			path = K;
			sourceTree = "<group>";
		};
		81D9578BB7AB7FEAD614092D /* Pods */ = {
			isa = PBXGroup;
			children = (
				FE93CFE4F39D774D9C85431E /* Pods-LoginForm.debug.xcconfig */,
				38C6B9050294E62431A9EBA6 /* Pods-LoginForm.release.xcconfig */,
				ACA6AFFE1E02D8DF00B69005 /* Pods-LoginForm-LoginFormUITests.debug.xcconfig */,
				35E647BDC8CFA365E361AB68 /* Pods-LoginForm-LoginFormUITests.release.xcconfig */,
				C017BBDCDA590C7062164170 /* Pods-LoginFormTests.debug.xcconfig */,
				A021EEC4046A81ECB102D0A2 /* Pods-LoginFormTests.release.xcconfig */,
			);
			path = Pods;
			sourceTree = "<group>";
		};
		8F1300C025668E2C00AE5DBD /* Step */ = {
			isa = PBXGroup;
			children = (
				8F1300C125668E5F00AE5DBD /* contentStepModel.swift */,
				8F1300C625668EA200AE5DBD /* contentStepManager.swift */,
			);
			path = Step;
			sourceTree = "<group>";
		};
		8F30740825494F9900EB36BE /* Registration */ = {
			isa = PBXGroup;
			children = (
				8FD1C35A2548464A00242C42 /* registerModel.swift */,
				8FD1C35F2548479200242C42 /* registerManager.swift */,
			);
			path = Registration;
			sourceTree = "<group>";
		};
		8F30740C2549518900EB36BE /* Login */ = {
			isa = PBXGroup;
			children = (
				8F16C6F5254AEE8B000B0424 /* loginModel.swift */,
				8F30740D254952F500EB36BE /* loginManager.swift */,
			);
			path = Login;
			sourceTree = "<group>";
		};
		8F7A414625405529009440C8 = {
			isa = PBXGroup;
			children = (
				8F7A415125405529009440C8 /* LoginForm */,
				8F7A416B2540552B009440C8 /* LoginFormTests */,
				8F7A41762540552B009440C8 /* LoginFormUITests */,
				8F7A415025405529009440C8 /* Products */,
				81D9578BB7AB7FEAD614092D /* Pods */,
				E2097E14AEDB115BB5887992 /* Frameworks */,
			);
			sourceTree = "<group>";
		};
		8F7A415025405529009440C8 /* Products */ = {
			isa = PBXGroup;
			children = (
				8F7A414F25405529009440C8 /* LoginForm.app */,
				8F7A41682540552B009440C8 /* LoginFormTests.xctest */,
				8F7A41732540552B009440C8 /* LoginFormUITests.xctest */,
			);
			name = Products;
			sourceTree = "<group>";
		};
		8F7A415125405529009440C8 /* LoginForm */ = {
			isa = PBXGroup;
			children = (
				0D0BF7E825BCC19F00688A94 /* K */,
				8FAACDD0254C082700DFB7E9 /* Core */,
				8FD1C3592548461400242C42 /* Model */,
				8FA2B0FB25406EAD005401B2 /* Controllers */,
				8FA2B0F925406E8A005401B2 /* VIEWS */,
				8F7A415225405529009440C8 /* AppDelegate.swift */,
				8F7A415425405529009440C8 /* SceneDelegate.swift */,
				8F7A415E2540552B009440C8 /* Assets.xcassets */,
				8F7A41602540552B009440C8 /* LaunchScreen.storyboard */,
				8F7A41632540552B009440C8 /* Info.plist */,
				8F7A415B25405529009440C8 /* LoginForm.xcdatamodeld */,
			);
			path = LoginForm;
			sourceTree = "<group>";
		};
		8F7A416B2540552B009440C8 /* LoginFormTests */ = {
			isa = PBXGroup;
			children = (
				8F7A416C2540552B009440C8 /* LoginFormTests.swift */,
				8F7A416E2540552B009440C8 /* Info.plist */,
			);
			path = LoginFormTests;
			sourceTree = "<group>";
		};
		8F7A41762540552B009440C8 /* LoginFormUITests */ = {
			isa = PBXGroup;
			children = (
				8F7A41772540552B009440C8 /* LoginFormUITests.swift */,
				8F7A41792540552B009440C8 /* Info.plist */,
			);
			path = LoginFormUITests;
			sourceTree = "<group>";
		};
		8FA2B0F925406E8A005401B2 /* VIEWS */ = {
			isa = PBXGroup;
			children = (
				8F1300A425665BB200AE5DBD /* CustomTableViewCell.xib */,
				8F7A415825405529009440C8 /* Main.storyboard */,
			);
			path = VIEWS;
			sourceTree = "<group>";
		};
		8FA2B0FB25406EAD005401B2 /* Controllers */ = {
			isa = PBXGroup;
			children = (
				8F1300A325665BB200AE5DBD /* CustomTableViewCell.swift */,
				8F7A415625405529009440C8 /* ViewController.swift */,
				8FA2B10125406F06005401B2 /* loginController.swift */,
				8FA2B0FC25406EF5005401B2 /* registerController.swift */,
				8F1300BB256679D200AE5DBD /* tableStepController.swift */,
				8F9083B2255136C700FB2ACC /* tableController.swift */,
			);
			path = Controllers;
			sourceTree = "<group>";
		};
		8FAACDD0254C082700DFB7E9 /* Core */ = {
			isa = PBXGroup;
			children = (
				8FD598DA25922018005B7AF9 /* Model.xcdatamodeld */,
			);
			path = Core;
			sourceTree = "<group>";
		};
		8FAACE02254C350600DFB7E9 /* Content */ = {
			isa = PBXGroup;
			children = (
				8FAACE03254C355B00DFB7E9 /* contentModel.swift */,
				8FAACE0B254C36F400DFB7E9 /* contentManager.swift */,
				8F1300C025668E2C00AE5DBD /* Step */,
			);
			path = Content;
			sourceTree = "<group>";
		};
		8FB2CD9C25B71023009AB020 /* Step */ = {
			isa = PBXGroup;
			children = (
				8FB2CD9D25B71067009AB020 /* stepManager.swift */,
				8FB2CDA525B710FB009AB020 /* stepModel.swift */,
			);
			path = Step;
			sourceTree = "<group>";
		};
		8FD1C3592548461400242C42 /* Model */ = {
			isa = PBXGroup;
			children = (
				8FB2CD9C25B71023009AB020 /* Step */,
				8FAACE02254C350600DFB7E9 /* Content */,
				8F30740C2549518900EB36BE /* Login */,
				8F30740825494F9900EB36BE /* Registration */,
				8F8546F4256BC5BD00A32F50 /* Task.swift */,
			);
			path = Model;
			sourceTree = "<group>";
		};
		E2097E14AEDB115BB5887992 /* Frameworks */ = {
			isa = PBXGroup;
			children = (
				0B01BFA1EA3420AC1CF927FA /* Pods_LoginForm.framework */,
				888BEC4DD3DFA9D7DCEF5367 /* Pods_LoginForm_LoginFormUITests.framework */,
				CF16C9B05D8D2C4DD5083BE7 /* Pods_LoginFormTests.framework */,
			);
			name = Frameworks;
			sourceTree = "<group>";
		};
/* End PBXGroup section */

/* Begin PBXNativeTarget section */
		8F7A414E25405529009440C8 /* LoginForm */ = {
			isa = PBXNativeTarget;
			buildConfigurationList = 8F7A417C2540552B009440C8 /* Build configuration list for PBXNativeTarget "LoginForm" */;
			buildPhases = (
				40375C96B6EA339D43458FD4 /* [CP] Check Pods Manifest.lock */,
				8F7A414B25405529009440C8 /* Sources */,
				8F7A414C25405529009440C8 /* Frameworks */,
				8F7A414D25405529009440C8 /* Resources */,
				FD707F96DC6F4A2B7CECE163 /* [CP] Embed Pods Frameworks */,
			);
			buildRules = (
			);
			dependencies = (
			);
			name = LoginForm;
			productName = LoginForm;
			productReference = 8F7A414F25405529009440C8 /* LoginForm.app */;
			productType = "com.apple.product-type.application";
		};
		8F7A41672540552B009440C8 /* LoginFormTests */ = {
			isa = PBXNativeTarget;
			buildConfigurationList = 8F7A417F2540552B009440C8 /* Build configuration list for PBXNativeTarget "LoginFormTests" */;
			buildPhases = (
				9DC574CE31D39D976F046BA1 /* [CP] Check Pods Manifest.lock */,
				8F7A41642540552B009440C8 /* Sources */,
				8F7A41652540552B009440C8 /* Frameworks */,
				8F7A41662540552B009440C8 /* Resources */,
			);
			buildRules = (
			);
			dependencies = (
				8F7A416A2540552B009440C8 /* PBXTargetDependency */,
			);
			name = LoginFormTests;
			productName = LoginFormTests;
			productReference = 8F7A41682540552B009440C8 /* LoginFormTests.xctest */;
			productType = "com.apple.product-type.bundle.unit-test";
		};
		8F7A41722540552B009440C8 /* LoginFormUITests */ = {
			isa = PBXNativeTarget;
			buildConfigurationList = 8F7A41822540552B009440C8 /* Build configuration list for PBXNativeTarget "LoginFormUITests" */;
			buildPhases = (
				63498EDCD26849D33CEEA23A /* [CP] Check Pods Manifest.lock */,
				8F7A416F2540552B009440C8 /* Sources */,
				8F7A41702540552B009440C8 /* Frameworks */,
				8F7A41712540552B009440C8 /* Resources */,
				7420843A21D8181AC90C76DE /* [CP] Embed Pods Frameworks */,
			);
			buildRules = (
			);
			dependencies = (
				8F7A41752540552B009440C8 /* PBXTargetDependency */,
			);
			name = LoginFormUITests;
			productName = LoginFormUITests;
			productReference = 8F7A41732540552B009440C8 /* LoginFormUITests.xctest */;
			productType = "com.apple.product-type.bundle.ui-testing";
		};
/* End PBXNativeTarget section */

/* Begin PBXProject section */
		8F7A414725405529009440C8 /* Project object */ = {
			isa = PBXProject;
			attributes = {
				LastSwiftUpdateCheck = 1200;
				LastUpgradeCheck = 1200;
				TargetAttributes = {
					8F7A414E25405529009440C8 = {
						CreatedOnToolsVersion = 12.0.1;
					};
					8F7A41672540552B009440C8 = {
						CreatedOnToolsVersion = 12.0.1;
						TestTargetID = 8F7A414E25405529009440C8;
					};
					8F7A41722540552B009440C8 = {
						CreatedOnToolsVersion = 12.0.1;
						TestTargetID = 8F7A414E25405529009440C8;
					};
				};
			};
			buildConfigurationList = 8F7A414A25405529009440C8 /* Build configuration list for PBXProject "LoginForm" */;
			compatibilityVersion = "Xcode 9.3";
			developmentRegion = en;
			hasScannedForEncodings = 0;
			knownRegions = (
				en,
				Base,
			);
			mainGroup = 8F7A414625405529009440C8;
			productRefGroup = 8F7A415025405529009440C8 /* Products */;
			projectDirPath = "";
			projectRoot = "";
			targets = (
				8F7A414E25405529009440C8 /* LoginForm */,
				8F7A41672540552B009440C8 /* LoginFormTests */,
				8F7A41722540552B009440C8 /* LoginFormUITests */,
			);
		};
/* End PBXProject section */

/* Begin PBXResourcesBuildPhase section */
		8F7A414D25405529009440C8 /* Resources */ = {
			isa = PBXResourcesBuildPhase;
			buildActionMask = 2147483647;
			files = (
				8F7A41622540552B009440C8 /* LaunchScreen.storyboard in Resources */,
				8F7A415F2540552B009440C8 /* Assets.xcassets in Resources */,
				8F1300A625665BB200AE5DBD /* CustomTableViewCell.xib in Resources */,
				8F7A415A25405529009440C8 /* Main.storyboard in Resources */,
			);
			runOnlyForDeploymentPostprocessing = 0;
		};
		8F7A41662540552B009440C8 /* Resources */ = {
			isa = PBXResourcesBuildPhase;
			buildActionMask = 2147483647;
			files = (
			);
			runOnlyForDeploymentPostprocessing = 0;
		};
		8F7A41712540552B009440C8 /* Resources */ = {
			isa = PBXResourcesBuildPhase;
			buildActionMask = 2147483647;
			files = (
			);
			runOnlyForDeploymentPostprocessing = 0;
		};
/* End PBXResourcesBuildPhase section */

/* Begin PBXShellScriptBuildPhase section */
		40375C96B6EA339D43458FD4 /* [CP] Check Pods Manifest.lock */ = {
			isa = PBXShellScriptBuildPhase;
			buildActionMask = 2147483647;
			files = (
			);
			inputFileListPaths = (
			);
			inputPaths = (
				"${PODS_PODFILE_DIR_PATH}/Podfile.lock",
				"${PODS_ROOT}/Manifest.lock",
			);
			name = "[CP] Check Pods Manifest.lock";
			outputFileListPaths = (
			);
			outputPaths = (
				"$(DERIVED_FILE_DIR)/Pods-LoginForm-checkManifestLockResult.txt",
			);
			runOnlyForDeploymentPostprocessing = 0;
			shellPath = /bin/sh;
			shellScript = "diff \"${PODS_PODFILE_DIR_PATH}/Podfile.lock\" \"${PODS_ROOT}/Manifest.lock\" > /dev/null\nif [ $? != 0 ] ; then\n    # print error to STDERR\n    echo \"error: The sandbox is not in sync with the Podfile.lock. Run 'pod install' or update your CocoaPods installation.\" >&2\n    exit 1\nfi\n# This output is used by Xcode 'outputs' to avoid re-running this script phase.\necho \"SUCCESS\" > \"${SCRIPT_OUTPUT_FILE_0}\"\n";
			showEnvVarsInLog = 0;
		};
		63498EDCD26849D33CEEA23A /* [CP] Check Pods Manifest.lock */ = {
			isa = PBXShellScriptBuildPhase;
			buildActionMask = 2147483647;
			files = (
			);
			inputFileListPaths = (
			);
			inputPaths = (
				"${PODS_PODFILE_DIR_PATH}/Podfile.lock",
				"${PODS_ROOT}/Manifest.lock",
			);
			name = "[CP] Check Pods Manifest.lock";
			outputFileListPaths = (
			);
			outputPaths = (
				"$(DERIVED_FILE_DIR)/Pods-LoginForm-LoginFormUITests-checkManifestLockResult.txt",
			);
			runOnlyForDeploymentPostprocessing = 0;
			shellPath = /bin/sh;
			shellScript = "diff \"${PODS_PODFILE_DIR_PATH}/Podfile.lock\" \"${PODS_ROOT}/Manifest.lock\" > /dev/null\nif [ $? != 0 ] ; then\n    # print error to STDERR\n    echo \"error: The sandbox is not in sync with the Podfile.lock. Run 'pod install' or update your CocoaPods installation.\" >&2\n    exit 1\nfi\n# This output is used by Xcode 'outputs' to avoid re-running this script phase.\necho \"SUCCESS\" > \"${SCRIPT_OUTPUT_FILE_0}\"\n";
			showEnvVarsInLog = 0;
		};
		7420843A21D8181AC90C76DE /* [CP] Embed Pods Frameworks */ = {
			isa = PBXShellScriptBuildPhase;
			buildActionMask = 2147483647;
			files = (
			);
			inputFileListPaths = (
				"${PODS_ROOT}/Target Support Files/Pods-LoginForm-LoginFormUITests/Pods-LoginForm-LoginFormUITests-frameworks-${CONFIGURATION}-input-files.xcfilelist",
			);
			name = "[CP] Embed Pods Frameworks";
			outputFileListPaths = (
				"${PODS_ROOT}/Target Support Files/Pods-LoginForm-LoginFormUITests/Pods-LoginForm-LoginFormUITests-frameworks-${CONFIGURATION}-output-files.xcfilelist",
			);
			runOnlyForDeploymentPostprocessing = 0;
			shellPath = /bin/sh;
			shellScript = "\"${PODS_ROOT}/Target Support Files/Pods-LoginForm-LoginFormUITests/Pods-LoginForm-LoginFormUITests-frameworks.sh\"\n";
			showEnvVarsInLog = 0;
		};
		9DC574CE31D39D976F046BA1 /* [CP] Check Pods Manifest.lock */ = {
			isa = PBXShellScriptBuildPhase;
			buildActionMask = 2147483647;
			files = (
			);
			inputFileListPaths = (
			);
			inputPaths = (
				"${PODS_PODFILE_DIR_PATH}/Podfile.lock",
				"${PODS_ROOT}/Manifest.lock",
			);
			name = "[CP] Check Pods Manifest.lock";
			outputFileListPaths = (
			);
			outputPaths = (
				"$(DERIVED_FILE_DIR)/Pods-LoginFormTests-checkManifestLockResult.txt",
			);
			runOnlyForDeploymentPostprocessing = 0;
			shellPath = /bin/sh;
			shellScript = "diff \"${PODS_PODFILE_DIR_PATH}/Podfile.lock\" \"${PODS_ROOT}/Manifest.lock\" > /dev/null\nif [ $? != 0 ] ; then\n    # print error to STDERR\n    echo \"error: The sandbox is not in sync with the Podfile.lock. Run 'pod install' or update your CocoaPods installation.\" >&2\n    exit 1\nfi\n# This output is used by Xcode 'outputs' to avoid re-running this script phase.\necho \"SUCCESS\" > \"${SCRIPT_OUTPUT_FILE_0}\"\n";
			showEnvVarsInLog = 0;
		};
		FD707F96DC6F4A2B7CECE163 /* [CP] Embed Pods Frameworks */ = {
			isa = PBXShellScriptBuildPhase;
			buildActionMask = 2147483647;
			files = (
			);
			inputFileListPaths = (
				"${PODS_ROOT}/Target Support Files/Pods-LoginForm/Pods-LoginForm-frameworks-${CONFIGURATION}-input-files.xcfilelist",
			);
			name = "[CP] Embed Pods Frameworks";
			outputFileListPaths = (
				"${PODS_ROOT}/Target Support Files/Pods-LoginForm/Pods-LoginForm-frameworks-${CONFIGURATION}-output-files.xcfilelist",
			);
			runOnlyForDeploymentPostprocessing = 0;
			shellPath = /bin/sh;
			shellScript = "\"${PODS_ROOT}/Target Support Files/Pods-LoginForm/Pods-LoginForm-frameworks.sh\"\n";
			showEnvVarsInLog = 0;
		};
/* End PBXShellScriptBuildPhase section */

/* Begin PBXSourcesBuildPhase section */
		8F7A414B25405529009440C8 /* Sources */ = {
			isa = PBXSourcesBuildPhase;
			buildActionMask = 2147483647;
			files = (
				8FD1C3602548479200242C42 /* registerManager.swift in Sources */,
				8F9083B3255136C700FB2ACC /* tableController.swift in Sources */,
				8FAACE0C254C36F400DFB7E9 /* contentManager.swift in Sources */,
				8F7A415725405529009440C8 /* ViewController.swift in Sources */,
				8F30740E254952F500EB36BE /* loginManager.swift in Sources */,
				8FD1C35B2548464A00242C42 /* registerModel.swift in Sources */,
				8F1300A525665BB200AE5DBD /* CustomTableViewCell.swift in Sources */,
				8F1300C725668EA200AE5DBD /* contentStepManager.swift in Sources */,
				8F7A415325405529009440C8 /* AppDelegate.swift in Sources */,
				8F16C6F6254AEE8B000B0424 /* loginModel.swift in Sources */,
				8F1300C225668E5F00AE5DBD /* contentStepModel.swift in Sources */,
				8F7A415525405529009440C8 /* SceneDelegate.swift in Sources */,
				8FA2B10225406F06005401B2 /* loginController.swift in Sources */,
				8FAACE04254C355B00DFB7E9 /* contentModel.swift in Sources */,
				8FB2CDA625B710FB009AB020 /* stepModel.swift in Sources */,
				8F1300BC256679D200AE5DBD /* tableStepController.swift in Sources */,
				8FA2B0FD25406EF5005401B2 /* registerController.swift in Sources */,
				0D0BF7E425BCC19800688A94 /* K.swift in Sources */,
				8F8546F5256BC5BD00A32F50 /* Task.swift in Sources */,
				8FD598DC25922018005B7AF9 /* Model.xcdatamodeld in Sources */,
				8F7A415D25405529009440C8 /* LoginForm.xcdatamodeld in Sources */,
				8FB2CD9E25B71067009AB020 /* stepManager.swift in Sources */,
			);
			runOnlyForDeploymentPostprocessing = 0;
		};
		8F7A41642540552B009440C8 /* Sources */ = {
			isa = PBXSourcesBuildPhase;
			buildActionMask = 2147483647;
			files = (
				8F7A416D2540552B009440C8 /* LoginFormTests.swift in Sources */,
			);
			runOnlyForDeploymentPostprocessing = 0;
		};
		8F7A416F2540552B009440C8 /* Sources */ = {
			isa = PBXSourcesBuildPhase;
			buildActionMask = 2147483647;
			files = (
				8F7A41782540552B009440C8 /* LoginFormUITests.swift in Sources */,
			);
			runOnlyForDeploymentPostprocessing = 0;
		};
/* End PBXSourcesBuildPhase section */

/* Begin PBXTargetDependency section */
		8F7A416A2540552B009440C8 /* PBXTargetDependency */ = {
			isa = PBXTargetDependency;
			target = 8F7A414E25405529009440C8 /* LoginForm */;
			targetProxy = 8F7A41692540552B009440C8 /* PBXContainerItemProxy */;
		};
		8F7A41752540552B009440C8 /* PBXTargetDependency */ = {
			isa = PBXTargetDependency;
			target = 8F7A414E25405529009440C8 /* LoginForm */;
			targetProxy = 8F7A41742540552B009440C8 /* PBXContainerItemProxy */;
		};
/* End PBXTargetDependency section */

/* Begin PBXVariantGroup section */
		8F7A415825405529009440C8 /* Main.storyboard */ = {
			isa = PBXVariantGroup;
			children = (
				8F7A415925405529009440C8 /* Base */,
			);
			name = Main.storyboard;
			sourceTree = "<group>";
		};
		8F7A41602540552B009440C8 /* LaunchScreen.storyboard */ = {
			isa = PBXVariantGroup;
			children = (
				8F7A41612540552B009440C8 /* Base */,
			);
			name = LaunchScreen.storyboard;
			sourceTree = "<group>";
		};
/* End PBXVariantGroup section */

/* Begin XCBuildConfiguration section */
		8F7A417A2540552B009440C8 /* Debug */ = {
			isa = XCBuildConfiguration;
			buildSettings = {
				ALWAYS_SEARCH_USER_PATHS = NO;
				CLANG_ANALYZER_NONNULL = YES;
				CLANG_ANALYZER_NUMBER_OBJECT_CONVERSION = YES_AGGRESSIVE;
				CLANG_CXX_LANGUAGE_STANDARD = "gnu++14";
				CLANG_CXX_LIBRARY = "libc++";
				CLANG_ENABLE_MODULES = YES;
				CLANG_ENABLE_OBJC_ARC = YES;
				CLANG_ENABLE_OBJC_WEAK = YES;
				CLANG_WARN_BLOCK_CAPTURE_AUTORELEASING = YES;
				CLANG_WARN_BOOL_CONVERSION = YES;
				CLANG_WARN_COMMA = YES;
				CLANG_WARN_CONSTANT_CONVERSION = YES;
				CLANG_WARN_DEPRECATED_OBJC_IMPLEMENTATIONS = YES;
				CLANG_WARN_DIRECT_OBJC_ISA_USAGE = YES_ERROR;
				CLANG_WARN_DOCUMENTATION_COMMENTS = YES;
				CLANG_WARN_EMPTY_BODY = YES;
				CLANG_WARN_ENUM_CONVERSION = YES;
				CLANG_WARN_INFINITE_RECURSION = YES;
				CLANG_WARN_INT_CONVERSION = YES;
				CLANG_WARN_NON_LITERAL_NULL_CONVERSION = YES;
				CLANG_WARN_OBJC_IMPLICIT_RETAIN_SELF = YES;
				CLANG_WARN_OBJC_LITERAL_CONVERSION = YES;
				CLANG_WARN_OBJC_ROOT_CLASS = YES_ERROR;
				CLANG_WARN_QUOTED_INCLUDE_IN_FRAMEWORK_HEADER = YES;
				CLANG_WARN_RANGE_LOOP_ANALYSIS = YES;
				CLANG_WARN_STRICT_PROTOTYPES = YES;
				CLANG_WARN_SUSPICIOUS_MOVE = YES;
				CLANG_WARN_UNGUARDED_AVAILABILITY = YES_AGGRESSIVE;
				CLANG_WARN_UNREACHABLE_CODE = YES;
				CLANG_WARN__DUPLICATE_METHOD_MATCH = YES;
				COPY_PHASE_STRIP = NO;
				DEBUG_INFORMATION_FORMAT = dwarf;
				ENABLE_STRICT_OBJC_MSGSEND = YES;
				ENABLE_TESTABILITY = YES;
				GCC_C_LANGUAGE_STANDARD = gnu11;
				GCC_DYNAMIC_NO_PIC = NO;
				GCC_NO_COMMON_BLOCKS = YES;
				GCC_OPTIMIZATION_LEVEL = 0;
				GCC_PREPROCESSOR_DEFINITIONS = (
					"DEBUG=1",
					"$(inherited)",
				);
				GCC_WARN_64_TO_32_BIT_CONVERSION = YES;
				GCC_WARN_ABOUT_RETURN_TYPE = YES_ERROR;
				GCC_WARN_UNDECLARED_SELECTOR = YES;
				GCC_WARN_UNINITIALIZED_AUTOS = YES_AGGRESSIVE;
				GCC_WARN_UNUSED_FUNCTION = YES;
				GCC_WARN_UNUSED_VARIABLE = YES;
				IPHONEOS_DEPLOYMENT_TARGET = 14.0;
				MTL_ENABLE_DEBUG_INFO = INCLUDE_SOURCE;
				MTL_FAST_MATH = YES;
				ONLY_ACTIVE_ARCH = YES;
				SDKROOT = iphoneos;
				SWIFT_ACTIVE_COMPILATION_CONDITIONS = DEBUG;
				SWIFT_OPTIMIZATION_LEVEL = "-Onone";
			};
			name = Debug;
		};
		8F7A417B2540552B009440C8 /* Release */ = {
			isa = XCBuildConfiguration;
			buildSettings = {
				ALWAYS_SEARCH_USER_PATHS = NO;
				CLANG_ANALYZER_NONNULL = YES;
				CLANG_ANALYZER_NUMBER_OBJECT_CONVERSION = YES_AGGRESSIVE;
				CLANG_CXX_LANGUAGE_STANDARD = "gnu++14";
				CLANG_CXX_LIBRARY = "libc++";
				CLANG_ENABLE_MODULES = YES;
				CLANG_ENABLE_OBJC_ARC = YES;
				CLANG_ENABLE_OBJC_WEAK = YES;
				CLANG_WARN_BLOCK_CAPTURE_AUTORELEASING = YES;
				CLANG_WARN_BOOL_CONVERSION = YES;
				CLANG_WARN_COMMA = YES;
				CLANG_WARN_CONSTANT_CONVERSION = YES;
				CLANG_WARN_DEPRECATED_OBJC_IMPLEMENTATIONS = YES;
				CLANG_WARN_DIRECT_OBJC_ISA_USAGE = YES_ERROR;
				CLANG_WARN_DOCUMENTATION_COMMENTS = YES;
				CLANG_WARN_EMPTY_BODY = YES;
				CLANG_WARN_ENUM_CONVERSION = YES;
				CLANG_WARN_INFINITE_RECURSION = YES;
				CLANG_WARN_INT_CONVERSION = YES;
				CLANG_WARN_NON_LITERAL_NULL_CONVERSION = YES;
				CLANG_WARN_OBJC_IMPLICIT_RETAIN_SELF = YES;
				CLANG_WARN_OBJC_LITERAL_CONVERSION = YES;
				CLANG_WARN_OBJC_ROOT_CLASS = YES_ERROR;
				CLANG_WARN_QUOTED_INCLUDE_IN_FRAMEWORK_HEADER = YES;
				CLANG_WARN_RANGE_LOOP_ANALYSIS = YES;
				CLANG_WARN_STRICT_PROTOTYPES = YES;
				CLANG_WARN_SUSPICIOUS_MOVE = YES;
				CLANG_WARN_UNGUARDED_AVAILABILITY = YES_AGGRESSIVE;
				CLANG_WARN_UNREACHABLE_CODE = YES;
				CLANG_WARN__DUPLICATE_METHOD_MATCH = YES;
				COPY_PHASE_STRIP = NO;
				DEBUG_INFORMATION_FORMAT = "dwarf-with-dsym";
				ENABLE_NS_ASSERTIONS = NO;
				ENABLE_STRICT_OBJC_MSGSEND = YES;
				GCC_C_LANGUAGE_STANDARD = gnu11;
				GCC_NO_COMMON_BLOCKS = YES;
				GCC_WARN_64_TO_32_BIT_CONVERSION = YES;
				GCC_WARN_ABOUT_RETURN_TYPE = YES_ERROR;
				GCC_WARN_UNDECLARED_SELECTOR = YES;
				GCC_WARN_UNINITIALIZED_AUTOS = YES_AGGRESSIVE;
				GCC_WARN_UNUSED_FUNCTION = YES;
				GCC_WARN_UNUSED_VARIABLE = YES;
				IPHONEOS_DEPLOYMENT_TARGET = 14.0;
				MTL_ENABLE_DEBUG_INFO = NO;
				MTL_FAST_MATH = YES;
				SDKROOT = iphoneos;
				SWIFT_COMPILATION_MODE = wholemodule;
				SWIFT_OPTIMIZATION_LEVEL = "-O";
				VALIDATE_PRODUCT = YES;
			};
			name = Release;
		};
		8F7A417D2540552B009440C8 /* Debug */ = {
			isa = XCBuildConfiguration;
			baseConfigurationReference = FE93CFE4F39D774D9C85431E /* Pods-LoginForm.debug.xcconfig */;
			buildSettings = {
				ASSETCATALOG_COMPILER_APPICON_NAME = AppIcon;
				ASSETCATALOG_COMPILER_GLOBAL_ACCENT_COLOR_NAME = AccentColor;
				CODE_SIGN_IDENTITY = "Apple Development";
				CODE_SIGN_STYLE = Automatic;
				DEVELOPMENT_TEAM = FGZ7977LN5;
				INFOPLIST_FILE = LoginForm/Info.plist;
				LD_RUNPATH_SEARCH_PATHS = (
					"$(inherited)",
					"@executable_path/Frameworks",
				);
				PRODUCT_BUNDLE_IDENTIFIER = com.LoginForm3;
				PRODUCT_NAME = "$(TARGET_NAME)";
				PROVISIONING_PROFILE_SPECIFIER = "";
				SWIFT_VERSION = 5.0;
				TARGETED_DEVICE_FAMILY = "1,2";
			};
			name = Debug;
		};
		8F7A417E2540552B009440C8 /* Release */ = {
			isa = XCBuildConfiguration;
			baseConfigurationReference = 38C6B9050294E62431A9EBA6 /* Pods-LoginForm.release.xcconfig */;
			buildSettings = {
				ASSETCATALOG_COMPILER_APPICON_NAME = AppIcon;
				ASSETCATALOG_COMPILER_GLOBAL_ACCENT_COLOR_NAME = AccentColor;
				CODE_SIGN_IDENTITY = "Apple Development";
				CODE_SIGN_STYLE = Automatic;
				DEVELOPMENT_TEAM = FGZ7977LN5;
				INFOPLIST_FILE = LoginForm/Info.plist;
				LD_RUNPATH_SEARCH_PATHS = (
					"$(inherited)",
					"@executable_path/Frameworks",
				);
				PRODUCT_BUNDLE_IDENTIFIER = com.LoginForm3;
				PRODUCT_NAME = "$(TARGET_NAME)";
				PROVISIONING_PROFILE_SPECIFIER = "";
				SWIFT_VERSION = 5.0;
				TARGETED_DEVICE_FAMILY = "1,2";
			};
			name = Release;
		};
		8F7A41802540552B009440C8 /* Debug */ = {
			isa = XCBuildConfiguration;
			baseConfigurationReference = C017BBDCDA590C7062164170 /* Pods-LoginFormTests.debug.xcconfig */;
			buildSettings = {
				ALWAYS_EMBED_SWIFT_STANDARD_LIBRARIES = YES;
				BUNDLE_LOADER = "$(TEST_HOST)";
				CODE_SIGN_STYLE = Automatic;
				DEVELOPMENT_TEAM = AXG6YGJW76;
				INFOPLIST_FILE = LoginFormTests/Info.plist;
				IPHONEOS_DEPLOYMENT_TARGET = 14.0;
				LD_RUNPATH_SEARCH_PATHS = (
					"$(inherited)",
					"@executable_path/Frameworks",
					"@loader_path/Frameworks",
				);
				PRODUCT_BUNDLE_IDENTIFIER = com.LoginFormTests;
				PRODUCT_NAME = "$(TARGET_NAME)";
				SWIFT_VERSION = 5.0;
				TARGETED_DEVICE_FAMILY = "1,2";
				TEST_HOST = "$(BUILT_PRODUCTS_DIR)/LoginForm.app/LoginForm";
			};
			name = Debug;
		};
		8F7A41812540552B009440C8 /* Release */ = {
			isa = XCBuildConfiguration;
			baseConfigurationReference = A021EEC4046A81ECB102D0A2 /* Pods-LoginFormTests.release.xcconfig */;
			buildSettings = {
				ALWAYS_EMBED_SWIFT_STANDARD_LIBRARIES = YES;
				BUNDLE_LOADER = "$(TEST_HOST)";
				CODE_SIGN_STYLE = Automatic;
				DEVELOPMENT_TEAM = AXG6YGJW76;
				INFOPLIST_FILE = LoginFormTests/Info.plist;
				IPHONEOS_DEPLOYMENT_TARGET = 14.0;
				LD_RUNPATH_SEARCH_PATHS = (
					"$(inherited)",
					"@executable_path/Frameworks",
					"@loader_path/Frameworks",
				);
				PRODUCT_BUNDLE_IDENTIFIER = com.LoginFormTests;
				PRODUCT_NAME = "$(TARGET_NAME)";
				SWIFT_VERSION = 5.0;
				TARGETED_DEVICE_FAMILY = "1,2";
				TEST_HOST = "$(BUILT_PRODUCTS_DIR)/LoginForm.app/LoginForm";
			};
			name = Release;
		};
		8F7A41832540552B009440C8 /* Debug */ = {
			isa = XCBuildConfiguration;
			baseConfigurationReference = ACA6AFFE1E02D8DF00B69005 /* Pods-LoginForm-LoginFormUITests.debug.xcconfig */;
			buildSettings = {
				ALWAYS_EMBED_SWIFT_STANDARD_LIBRARIES = YES;
				CODE_SIGN_STYLE = Automatic;
				DEVELOPMENT_TEAM = AXG6YGJW76;
				INFOPLIST_FILE = LoginFormUITests/Info.plist;
				LD_RUNPATH_SEARCH_PATHS = (
					"$(inherited)",
					"@executable_path/Frameworks",
					"@loader_path/Frameworks",
				);
				PRODUCT_BUNDLE_IDENTIFIER = com.LoginFormUITests;
				PRODUCT_NAME = "$(TARGET_NAME)";
				SWIFT_VERSION = 5.0;
				TARGETED_DEVICE_FAMILY = "1,2";
				TEST_TARGET_NAME = LoginForm;
			};
			name = Debug;
		};
		8F7A41842540552B009440C8 /* Release */ = {
			isa = XCBuildConfiguration;
			baseConfigurationReference = 35E647BDC8CFA365E361AB68 /* Pods-LoginForm-LoginFormUITests.release.xcconfig */;
			buildSettings = {
				ALWAYS_EMBED_SWIFT_STANDARD_LIBRARIES = YES;
				CODE_SIGN_STYLE = Automatic;
				DEVELOPMENT_TEAM = AXG6YGJW76;
				INFOPLIST_FILE = LoginFormUITests/Info.plist;
				LD_RUNPATH_SEARCH_PATHS = (
					"$(inherited)",
					"@executable_path/Frameworks",
					"@loader_path/Frameworks",
				);
				PRODUCT_BUNDLE_IDENTIFIER = com.LoginFormUITests;
				PRODUCT_NAME = "$(TARGET_NAME)";
				SWIFT_VERSION = 5.0;
				TARGETED_DEVICE_FAMILY = "1,2";
				TEST_TARGET_NAME = LoginForm;
			};
			name = Release;
		};
/* End XCBuildConfiguration section */

/* Begin XCConfigurationList section */
		8F7A414A25405529009440C8 /* Build configuration list for PBXProject "LoginForm" */ = {
			isa = XCConfigurationList;
			buildConfigurations = (
				8F7A417A2540552B009440C8 /* Debug */,
				8F7A417B2540552B009440C8 /* Release */,
			);
			defaultConfigurationIsVisible = 0;
			defaultConfigurationName = Release;
		};
		8F7A417C2540552B009440C8 /* Build configuration list for PBXNativeTarget "LoginForm" */ = {
			isa = XCConfigurationList;
			buildConfigurations = (
				8F7A417D2540552B009440C8 /* Debug */,
				8F7A417E2540552B009440C8 /* Release */,
			);
			defaultConfigurationIsVisible = 0;
			defaultConfigurationName = Release;
		};
		8F7A417F2540552B009440C8 /* Build configuration list for PBXNativeTarget "LoginFormTests" */ = {
			isa = XCConfigurationList;
			buildConfigurations = (
				8F7A41802540552B009440C8 /* Debug */,
				8F7A41812540552B009440C8 /* Release */,
			);
			defaultConfigurationIsVisible = 0;
			defaultConfigurationName = Release;
		};
		8F7A41822540552B009440C8 /* Build configuration list for PBXNativeTarget "LoginFormUITests" */ = {
			isa = XCConfigurationList;
			buildConfigurations = (
				8F7A41832540552B009440C8 /* Debug */,
				8F7A41842540552B009440C8 /* Release */,
			);
			defaultConfigurationIsVisible = 0;
			defaultConfigurationName = Release;
		};
/* End XCConfigurationList section */

/* Begin XCVersionGroup section */
		8F7A415B25405529009440C8 /* LoginForm.xcdatamodeld */ = {
			isa = XCVersionGroup;
			children = (
				8F7A415C25405529009440C8 /* LoginForm.xcdatamodel */,
			);
			currentVersion = 8F7A415C25405529009440C8 /* LoginForm.xcdatamodel */;
			path = LoginForm.xcdatamodeld;
			sourceTree = "<group>";
			versionGroupType = wrapper.xcdatamodel;
		};
		8FD598DA25922018005B7AF9 /* Model.xcdatamodeld */ = {
			isa = XCVersionGroup;
			children = (
				8FD598DB25922018005B7AF9 /* Model.xcdatamodel */,
			);
			currentVersion = 8FD598DB25922018005B7AF9 /* Model.xcdatamodel */;
			path = Model.xcdatamodeld;
			sourceTree = "<group>";
			versionGroupType = wrapper.xcdatamodel;
		};
/* End XCVersionGroup section */
	};
	rootObject = 8F7A414725405529009440C8 /* Project object */;
}
